// !$*UTF8*$!
{
	archiveVersion = 1;
	classes = {
	};
	objectVersion = 44;
	objects = {

/* Begin PBXBuildFile section */
		370DD14510150639003437E8 /* spinner.gif in Resources */ = {isa = PBXBuildFile; fileRef = 370DD14410150639003437E8 /* spinner.gif */; };
		37113A221014BEAE00F9051C /* menuImage.gif in Resources */ = {isa = PBXBuildFile; fileRef = 37113A211014BEAE00F9051C /* menuImage.gif */; };
		37113A2B1014C0E400F9051C /* GemMenu.rb in Resources */ = {isa = PBXBuildFile; fileRef = 37113A2A1014C0E400F9051C /* GemMenu.rb */; };
		371C8981103EADFB00482EAB /* pref_general.png in Resources */ = {isa = PBXBuildFile; fileRef = 371C8980103EADFB00482EAB /* pref_general.png */; };
		374638EB10456B8E00A710AC /* GemManager.rb in Resources */ = {isa = PBXBuildFile; fileRef = 374638EA10456B8E00A710AC /* GemManager.rb */; };
		37555286101764C100D9BB3D /* UserDefaults.plist in Resources */ = {isa = PBXBuildFile; fileRef = 37555285101764C100D9BB3D /* UserDefaults.plist */; };
		375C3B94103EF0C6005851AF /* Localizable.strings in Resources */ = {isa = PBXBuildFile; fileRef = 375C3B93103EF0C6005851AF /* Localizable.strings */; };
		378E78C1104330C300F250F6 /* dsa_pub.pem in Resources */ = {isa = PBXBuildFile; fileRef = 378E78C0104330C300F250F6 /* dsa_pub.pem */; };
		379C8B36104002A7008F43CF /* Sparkle.framework in Frameworks */ = {isa = PBXBuildFile; fileRef = 379C8B35104002A7008F43CF /* Sparkle.framework */; };
		379C8B4310400309008F43CF /* Sparkle.framework in CopyFiles */ = {isa = PBXBuildFile; fileRef = 379C8B35104002A7008F43CF /* Sparkle.framework */; };
		37A255311042B85000208EF1 /* pref_sources.png in Resources */ = {isa = PBXBuildFile; fileRef = 37A255301042B85000208EF1 /* pref_sources.png */; };
		37A255431042BAAD00208EF1 /* GemSources.rb in Resources */ = {isa = PBXBuildFile; fileRef = 37A255421042BAAD00208EF1 /* GemSources.rb */; };
		37A8C91C103AECFF00EE6C5A /* menuImageA1.gif in Resources */ = {isa = PBXBuildFile; fileRef = 37A8C91A103AECFF00EE6C5A /* menuImageA1.gif */; };
		37A8C91D103AECFF00EE6C5A /* menuImageA2.gif in Resources */ = {isa = PBXBuildFile; fileRef = 37A8C91B103AECFF00EE6C5A /* menuImageA2.gif */; };
		37A8C93C103BF43F00EE6C5A /* menuImageA3.gif in Resources */ = {isa = PBXBuildFile; fileRef = 37A8C939103BF43F00EE6C5A /* menuImageA3.gif */; };
		37A8C93D103BF43F00EE6C5A /* menuImageA4.gif in Resources */ = {isa = PBXBuildFile; fileRef = 37A8C93A103BF43F00EE6C5A /* menuImageA4.gif */; };
		37A8C93E103BF43F00EE6C5A /* menuImageNetworkDown.gif in Resources */ = {isa = PBXBuildFile; fileRef = 37A8C93B103BF43F00EE6C5A /* menuImageNetworkDown.gif */; };
		37C566B4103EB80000492B45 /* credits.html in Resources */ = {isa = PBXBuildFile; fileRef = 37C566B3103EB80000492B45 /* credits.html */; };
		37E7FEA31042D2C500991F31 /* gplv3.png in Resources */ = {isa = PBXBuildFile; fileRef = 37E7FEA21042D2C500991F31 /* gplv3.png */; };
		37EBA8FD10153AC2006FC481 /* GemMenu.icns in Resources */ = {isa = PBXBuildFile; fileRef = 37EBA8FC10153AC2006FC481 /* GemMenu.icns */; };
		37FDB6451042E0F500F7634E /* About.rb in Resources */ = {isa = PBXBuildFile; fileRef = 37FDB6441042E0F500F7634E /* About.rb */; };
		37FDB67A1042E45F00F7634E /* Command.rb in Resources */ = {isa = PBXBuildFile; fileRef = 37FDB6791042E45F00F7634E /* Command.rb */; };
		4DDCA7060ACC9A6100E082CE /* MainMenu.nib in Resources */ = {isa = PBXBuildFile; fileRef = 29B97318FDCFA39411CA2CEA /* MainMenu.nib */; };
		4DDCA7070ACC9A6100E082CE /* InfoPlist.strings in Resources */ = {isa = PBXBuildFile; fileRef = 089C165CFE840E0CC02AAC07 /* InfoPlist.strings */; };
		4DDCA7080ACC9A6100E082CE /* rb_main.rb in Resources */ = {isa = PBXBuildFile; fileRef = E8F5E25803AEB7C803A81C6F /* rb_main.rb */; };
		4DDCA70A0ACC9A6100E082CE /* main.m in Sources */ = {isa = PBXBuildFile; fileRef = 29B97316FDCFA39411CA2CEA /* main.m */; settings = {ATTRIBUTES = (); }; };
		4DDCA70C0ACC9A6100E082CE /* Cocoa.framework in Frameworks */ = {isa = PBXBuildFile; fileRef = 1058C7A1FEA54F0111CA2CBB /* Cocoa.framework */; };
		4DDCA70D0ACC9A6100E082CE /* RubyCocoa.framework in Frameworks */ = {isa = PBXBuildFile; fileRef = E8F5E24E03AEB6EC03A81C6F /* RubyCocoa.framework */; };
/* End PBXBuildFile section */

/* Begin PBXCopyFilesBuildPhase section */
		379C8B42104002BF008F43CF /* CopyFiles */ = {
			isa = PBXCopyFilesBuildPhase;
			buildActionMask = 2147483647;
			dstPath = "";
			dstSubfolderSpec = 10;
			files = (
				379C8B4310400309008F43CF /* Sparkle.framework in CopyFiles */,
			);
			runOnlyForDeploymentPostprocessing = 0;
		};
/* End PBXCopyFilesBuildPhase section */

/* Begin PBXFileReference section */
		089C165DFE840E0CC02AAC07 /* English */ = {isa = PBXFileReference; fileEncoding = 10; lastKnownFileType = text.plist.strings; name = English; path = English.lproj/InfoPlist.strings; sourceTree = "<group>"; };
		1058C7A1FEA54F0111CA2CBB /* Cocoa.framework */ = {isa = PBXFileReference; lastKnownFileType = wrapper.framework; name = Cocoa.framework; path = /System/Library/Frameworks/Cocoa.framework; sourceTree = "<absolute>"; };
		29B97316FDCFA39411CA2CEA /* main.m */ = {isa = PBXFileReference; fileEncoding = 30; lastKnownFileType = sourcecode.c.objc; path = main.m; sourceTree = "<group>"; };
		29B97319FDCFA39411CA2CEA /* English */ = {isa = PBXFileReference; lastKnownFileType = wrapper.nib; name = English; path = English.lproj/MainMenu.nib; sourceTree = "<group>"; };
		29B97324FDCFA39411CA2CEA /* AppKit.framework */ = {isa = PBXFileReference; lastKnownFileType = wrapper.framework; name = AppKit.framework; path = /System/Library/Frameworks/AppKit.framework; sourceTree = "<absolute>"; };
		29B97325FDCFA39411CA2CEA /* Foundation.framework */ = {isa = PBXFileReference; lastKnownFileType = wrapper.framework; name = Foundation.framework; path = /System/Library/Frameworks/Foundation.framework; sourceTree = "<absolute>"; };
		370DD14410150639003437E8 /* spinner.gif */ = {isa = PBXFileReference; lastKnownFileType = image.gif; path = spinner.gif; sourceTree = "<group>"; };
		37113A211014BEAE00F9051C /* menuImage.gif */ = {isa = PBXFileReference; lastKnownFileType = image.gif; path = menuImage.gif; sourceTree = "<group>"; };
		37113A2A1014C0E400F9051C /* GemMenu.rb */ = {isa = PBXFileReference; fileEncoding = 4; lastKnownFileType = text.script.ruby; path = GemMenu.rb; sourceTree = "<group>"; };
		371C8980103EADFB00482EAB /* pref_general.png */ = {isa = PBXFileReference; lastKnownFileType = image.png; path = pref_general.png; sourceTree = "<group>"; };
		374638EA10456B8E00A710AC /* GemManager.rb */ = {isa = PBXFileReference; fileEncoding = 4; lastKnownFileType = text.script.ruby; path = GemManager.rb; sourceTree = "<group>"; };
		37555285101764C100D9BB3D /* UserDefaults.plist */ = {isa = PBXFileReference; lastKnownFileType = file.bplist; path = UserDefaults.plist; sourceTree = "<group>"; };
		375C3B77103EE80C005851AF /* French */ = {isa = PBXFileReference; lastKnownFileType = wrapper.nib; name = French; path = French.lproj/MainMenu.nib; sourceTree = "<group>"; };
		375C3B91103EF0B2005851AF /* English */ = {isa = PBXFileReference; fileEncoding = 10; lastKnownFileType = text.plist.strings; name = English; path = English.lproj/Localizable.strings; sourceTree = "<group>"; };
		375C3B95103EF0D3005851AF /* French */ = {isa = PBXFileReference; lastKnownFileType = text.plist.strings; name = French; path = French.lproj/Localizable.strings; sourceTree = "<group>"; };
		378E78C0104330C300F250F6 /* dsa_pub.pem */ = {isa = PBXFileReference; fileEncoding = 4; lastKnownFileType = text; path = dsa_pub.pem; sourceTree = "<group>"; };
		379C8B35104002A7008F43CF /* Sparkle.framework */ = {isa = PBXFileReference; lastKnownFileType = wrapper.framework; path = Sparkle.framework; sourceTree = "<group>"; };
		37A255301042B85000208EF1 /* pref_sources.png */ = {isa = PBXFileReference; lastKnownFileType = image.png; path = pref_sources.png; sourceTree = "<group>"; };
		37A255421042BAAD00208EF1 /* GemSources.rb */ = {isa = PBXFileReference; fileEncoding = 4; lastKnownFileType = text.script.ruby; path = GemSources.rb; sourceTree = "<group>"; };
		37A8C91A103AECFF00EE6C5A /* menuImageA1.gif */ = {isa = PBXFileReference; lastKnownFileType = image.gif; path = menuImageA1.gif; sourceTree = "<group>"; };
		37A8C91B103AECFF00EE6C5A /* menuImageA2.gif */ = {isa = PBXFileReference; lastKnownFileType = image.gif; path = menuImageA2.gif; sourceTree = "<group>"; };
		37A8C939103BF43F00EE6C5A /* menuImageA3.gif */ = {isa = PBXFileReference; lastKnownFileType = image.gif; path = menuImageA3.gif; sourceTree = "<group>"; };
		37A8C93A103BF43F00EE6C5A /* menuImageA4.gif */ = {isa = PBXFileReference; lastKnownFileType = image.gif; path = menuImageA4.gif; sourceTree = "<group>"; };
		37A8C93B103BF43F00EE6C5A /* menuImageNetworkDown.gif */ = {isa = PBXFileReference; lastKnownFileType = image.gif; path = menuImageNetworkDown.gif; sourceTree = "<group>"; };
		37C566B3103EB80000492B45 /* credits.html */ = {isa = PBXFileReference; fileEncoding = 4; lastKnownFileType = text.html; path = credits.html; sourceTree = "<group>"; };
		37E7FEA21042D2C500991F31 /* gplv3.png */ = {isa = PBXFileReference; lastKnownFileType = image.png; path = gplv3.png; sourceTree = "<group>"; };
		37EBA8FC10153AC2006FC481 /* GemMenu.icns */ = {isa = PBXFileReference; lastKnownFileType = image.icns; path = GemMenu.icns; sourceTree = "<group>"; };
		37FDB6441042E0F500F7634E /* About.rb */ = {isa = PBXFileReference; fileEncoding = 4; lastKnownFileType = text.script.ruby; path = About.rb; sourceTree = "<group>"; };
		37FDB6791042E45F00F7634E /* Command.rb */ = {isa = PBXFileReference; fileEncoding = 4; lastKnownFileType = text.script.ruby; path = Command.rb; sourceTree = "<group>"; };
		4DDCA7110ACC9A6100E082CE /* Info.plist */ = {isa = PBXFileReference; lastKnownFileType = text.plist.xml; path = Info.plist; sourceTree = "<group>"; };
		4DDCA7120ACC9A6100E082CE /* GemMenu.app */ = {isa = PBXFileReference; explicitFileType = wrapper.application; includeInIndex = 0; path = GemMenu.app; sourceTree = BUILT_PRODUCTS_DIR; };
		E8F5E24E03AEB6EC03A81C6F /* RubyCocoa.framework */ = {isa = PBXFileReference; lastKnownFileType = wrapper.framework; name = RubyCocoa.framework; path = /System/Library/Frameworks/RubyCocoa.framework; sourceTree = "<absolute>"; };
		E8F5E25803AEB7C803A81C6F /* rb_main.rb */ = {isa = PBXFileReference; lastKnownFileType = text.script.ruby; path = rb_main.rb; sourceTree = "<group>"; };
/* End PBXFileReference section */

/* Begin PBXFrameworksBuildPhase section */
		4DDCA70B0ACC9A6100E082CE /* Frameworks */ = {
			isa = PBXFrameworksBuildPhase;
			buildActionMask = 2147483647;
			files = (
				4DDCA70C0ACC9A6100E082CE /* Cocoa.framework in Frameworks */,
				4DDCA70D0ACC9A6100E082CE /* RubyCocoa.framework in Frameworks */,
				379C8B36104002A7008F43CF /* Sparkle.framework in Frameworks */,
			);
			runOnlyForDeploymentPostprocessing = 0;
		};
/* End PBXFrameworksBuildPhase section */

/* Begin PBXGroup section */
		080E96DDFE201D6D7F000001 /* Classes */ = {
			isa = PBXGroup;
			children = (
				37113A2A1014C0E400F9051C /* GemMenu.rb */,
				37A255421042BAAD00208EF1 /* GemSources.rb */,
				37FDB6441042E0F500F7634E /* About.rb */,
				37FDB6791042E45F00F7634E /* Command.rb */,
				374638EA10456B8E00A710AC /* GemManager.rb */,
			);
			name = Classes;
			sourceTree = "<group>";
		};
		1058C7A0FEA54F0111CA2CBB /* Linked Frameworks */ = {
			isa = PBXGroup;
			children = (
				379C8B35104002A7008F43CF /* Sparkle.framework */,
				1058C7A1FEA54F0111CA2CBB /* Cocoa.framework */,
				E8F5E24E03AEB6EC03A81C6F /* RubyCocoa.framework */,
			);
			name = "Linked Frameworks";
			sourceTree = "<group>";
		};
		1058C7A2FEA54F0111CA2CBB /* Other Frameworks */ = {
			isa = PBXGroup;
			children = (
				29B97325FDCFA39411CA2CEA /* Foundation.framework */,
				29B97324FDCFA39411CA2CEA /* AppKit.framework */,
			);
			name = "Other Frameworks";
			sourceTree = "<group>";
		};
		19C28FACFE9D520D11CA2CBB /* Products */ = {
			isa = PBXGroup;
			children = (
				4DDCA7120ACC9A6100E082CE /* GemMenu.app */,
			);
			name = Products;
			sourceTree = "<group>";
		};
		29B97314FDCFA39411CA2CEA /* GemMenu */ = {
			isa = PBXGroup;
			children = (
				080E96DDFE201D6D7F000001 /* Classes */,
				29B97315FDCFA39411CA2CEA /* Other Sources */,
				29B97317FDCFA39411CA2CEA /* Resources */,
				29B97323FDCFA39411CA2CEA /* Frameworks */,
				19C28FACFE9D520D11CA2CBB /* Products */,
				4DDCA7110ACC9A6100E082CE /* Info.plist */,
			);
			name = GemMenu;
			sourceTree = "<group>";
		};
		29B97315FDCFA39411CA2CEA /* Other Sources */ = {
			isa = PBXGroup;
			children = (
				29B97316FDCFA39411CA2CEA /* main.m */,
				E8F5E25803AEB7C803A81C6F /* rb_main.rb */,
			);
			name = "Other Sources";
			sourceTree = "<group>";
		};
		29B97317FDCFA39411CA2CEA /* Resources */ = {
			isa = PBXGroup;
			children = (
				378E78C0104330C300F250F6 /* dsa_pub.pem */,
				37E7FEA21042D2C500991F31 /* gplv3.png */,
				37A255301042B85000208EF1 /* pref_sources.png */,
				371C8980103EADFB00482EAB /* pref_general.png */,
				37A8C939103BF43F00EE6C5A /* menuImageA3.gif */,
				37A8C93A103BF43F00EE6C5A /* menuImageA4.gif */,
				37A8C93B103BF43F00EE6C5A /* menuImageNetworkDown.gif */,
				37A8C91A103AECFF00EE6C5A /* menuImageA1.gif */,
				37A8C91B103AECFF00EE6C5A /* menuImageA2.gif */,
				370DD14410150639003437E8 /* spinner.gif */,
				37555285101764C100D9BB3D /* UserDefaults.plist */,
				37EBA8FC10153AC2006FC481 /* GemMenu.icns */,
				37113A211014BEAE00F9051C /* menuImage.gif */,
				29B97318FDCFA39411CA2CEA /* MainMenu.nib */,
				089C165CFE840E0CC02AAC07 /* InfoPlist.strings */,
				37C566B3103EB80000492B45 /* credits.html */,
				375C3B93103EF0C6005851AF /* Localizable.strings */,
			);
			name = Resources;
			sourceTree = "<group>";
		};
		29B97323FDCFA39411CA2CEA /* Frameworks */ = {
			isa = PBXGroup;
			children = (
				1058C7A0FEA54F0111CA2CBB /* Linked Frameworks */,
				1058C7A2FEA54F0111CA2CBB /* Other Frameworks */,
			);
			name = Frameworks;
			sourceTree = "<group>";
		};
/* End PBXGroup section */

/* Begin PBXHeadersBuildPhase section */
		4DDCA7040ACC9A6100E082CE /* Headers */ = {
			isa = PBXHeadersBuildPhase;
			buildActionMask = 2147483647;
			files = (
			);
			runOnlyForDeploymentPostprocessing = 0;
		};
/* End PBXHeadersBuildPhase section */

/* Begin PBXNativeTarget section */
		4DDCA7030ACC9A6100E082CE /* GemMenu */ = {
			isa = PBXNativeTarget;
			buildConfigurationList = 4DDCA70E0ACC9A6100E082CE /* Build configuration list for PBXNativeTarget "GemMenu" */;
			buildPhases = (
				4DDCA7040ACC9A6100E082CE /* Headers */,
				4DDCA7050ACC9A6100E082CE /* Resources */,
				4DDCA7090ACC9A6100E082CE /* Sources */,
				4DDCA70B0ACC9A6100E082CE /* Frameworks */,
				379C8B42104002BF008F43CF /* CopyFiles */,
			);
			buildRules = (
			);
			dependencies = (
			);
			name = GemMenu;
			productInstallPath = "$(HOME)/Applications";
			productName = GemMenu;
			productReference = 4DDCA7120ACC9A6100E082CE /* GemMenu.app */;
			productType = "com.apple.product-type.application";
		};
/* End PBXNativeTarget section */

/* Begin PBXProject section */
		29B97313FDCFA39411CA2CEA /* Project object */ = {
			isa = PBXProject;
			buildConfigurationList = 4D7A7B570ABF745500C2D4C0 /* Build configuration list for PBXProject "GemMenu" */;
			compatibilityVersion = "Xcode 3.0";
			hasScannedForEncodings = 0;
			mainGroup = 29B97314FDCFA39411CA2CEA /* GemMenu */;
			projectDirPath = "";
			projectRoot = "";
			targets = (
				4DDCA7030ACC9A6100E082CE /* GemMenu */,
			);
		};
/* End PBXProject section */

/* Begin PBXResourcesBuildPhase section */
		4DDCA7050ACC9A6100E082CE /* Resources */ = {
			isa = PBXResourcesBuildPhase;
			buildActionMask = 2147483647;
			files = (
				4DDCA7060ACC9A6100E082CE /* MainMenu.nib in Resources */,
				4DDCA7070ACC9A6100E082CE /* InfoPlist.strings in Resources */,
				4DDCA7080ACC9A6100E082CE /* rb_main.rb in Resources */,
				37113A221014BEAE00F9051C /* menuImage.gif in Resources */,
				37113A2B1014C0E400F9051C /* GemMenu.rb in Resources */,
				370DD14510150639003437E8 /* spinner.gif in Resources */,
				37EBA8FD10153AC2006FC481 /* GemMenu.icns in Resources */,
				37555286101764C100D9BB3D /* UserDefaults.plist in Resources */,
				37A8C91C103AECFF00EE6C5A /* menuImageA1.gif in Resources */,
				37A8C91D103AECFF00EE6C5A /* menuImageA2.gif in Resources */,
				37A8C93C103BF43F00EE6C5A /* menuImageA3.gif in Resources */,
				37A8C93D103BF43F00EE6C5A /* menuImageA4.gif in Resources */,
				37A8C93E103BF43F00EE6C5A /* menuImageNetworkDown.gif in Resources */,
				371C8981103EADFB00482EAB /* pref_general.png in Resources */,
				37C566B4103EB80000492B45 /* credits.html in Resources */,
				375C3B94103EF0C6005851AF /* Localizable.strings in Resources */,
				37A255311042B85000208EF1 /* pref_sources.png in Resources */,
				37A255431042BAAD00208EF1 /* GemSources.rb in Resources */,
				37E7FEA31042D2C500991F31 /* gplv3.png in Resources */,
				37FDB6451042E0F500F7634E /* About.rb in Resources */,
				37FDB67A1042E45F00F7634E /* Command.rb in Resources */,
				378E78C1104330C300F250F6 /* dsa_pub.pem in Resources */,
				374638EB10456B8E00A710AC /* GemManager.rb in Resources */,
			);
			runOnlyForDeploymentPostprocessing = 0;
		};
/* End PBXResourcesBuildPhase section */

/* Begin PBXSourcesBuildPhase section */
		4DDCA7090ACC9A6100E082CE /* Sources */ = {
			isa = PBXSourcesBuildPhase;
			buildActionMask = 2147483647;
			files = (
				4DDCA70A0ACC9A6100E082CE /* main.m in Sources */,
			);
			runOnlyForDeploymentPostprocessing = 0;
		};
/* End PBXSourcesBuildPhase section */

/* Begin PBXVariantGroup section */
		089C165CFE840E0CC02AAC07 /* InfoPlist.strings */ = {
			isa = PBXVariantGroup;
			children = (
				089C165DFE840E0CC02AAC07 /* English */,
			);
			name = InfoPlist.strings;
			sourceTree = "<group>";
		};
		29B97318FDCFA39411CA2CEA /* MainMenu.nib */ = {
			isa = PBXVariantGroup;
			children = (
				29B97319FDCFA39411CA2CEA /* English */,
				375C3B77103EE80C005851AF /* French */,
			);
			name = MainMenu.nib;
			sourceTree = "<group>";
		};
		375C3B93103EF0C6005851AF /* Localizable.strings */ = {
			isa = PBXVariantGroup;
			children = (
				375C3B91103EF0B2005851AF /* English */,
				375C3B95103EF0D3005851AF /* French */,
			);
			name = Localizable.strings;
			sourceTree = "<group>";
		};
/* End PBXVariantGroup section */

/* Begin XCBuildConfiguration section */
		4D7A7B580ABF745500C2D4C0 /* Debug */ = {
			isa = XCBuildConfiguration;
			buildSettings = {
				GCC_WARN_ABOUT_RETURN_TYPE = YES;
				GCC_WARN_UNUSED_VARIABLE = YES;
				PREBINDING = NO;
				SDKROOT = "$(DEVELOPER_SDK_DIR)/MacOSX10.5.sdk";
			};
			name = Debug;
		};
		4D7A7B590ABF745500C2D4C0 /* Release */ = {
			isa = XCBuildConfiguration;
			buildSettings = {
				ARCHS = (
					ppc,
					i386,
				);
				DEBUG_INFORMATION_FORMAT = "dwarf-with-dsym";
				GCC_WARN_ABOUT_RETURN_TYPE = YES;
				GCC_WARN_UNUSED_VARIABLE = YES;
				PREBINDING = NO;
				SDKROOT = "$(DEVELOPER_SDK_DIR)/MacOSX10.5.sdk";
			};
			name = Release;
		};
		4DDCA70F0ACC9A6100E082CE /* Debug */ = {
			isa = XCBuildConfiguration;
			buildSettings = {
				COPY_PHASE_STRIP = NO;
				FRAMEWORK_SEARCH_PATHS = (
					"$(inherited)",
					"\"$(SRCROOT)\"",
				);
				GCC_DYNAMIC_NO_PIC = NO;
				GCC_ENABLE_FIX_AND_CONTINUE = YES;
				GCC_MODEL_TUNING = G5;
				GCC_OPTIMIZATION_LEVEL = 0;
				INFOPLIST_FILE = Info.plist;
				INSTALL_PATH = "$(HOME)/Applications";
				PRODUCT_NAME = GemMenu;
				WRAPPER_EXTENSION = app;
				ZERO_LINK = YES;
			};
			name = Debug;
		};
		4DDCA7100ACC9A6100E082CE /* Release */ = {
			isa = XCBuildConfiguration;
			buildSettings = {
				ARCHS = (
					ppc,
					i386,
				);
				FRAMEWORK_SEARCH_PATHS = (
					"$(inherited)",
					"\"$(SRCROOT)\"",
				);
				GCC_MODEL_TUNING = G5;
				INFOPLIST_FILE = Info.plist;
				INSTALL_PATH = "$(HOME)/Applications";
				PRODUCT_NAME = GemMenu;
				WRAPPER_EXTENSION = app;
			};
			name = Release;
		};
/* End XCBuildConfiguration section */

/* Begin XCConfigurationList section */
		4D7A7B570ABF745500C2D4C0 /* Build configuration list for PBXProject "GemMenu" */ = {
			isa = XCConfigurationList;
			buildConfigurations = (
				4D7A7B580ABF745500C2D4C0 /* Debug */,
				4D7A7B590ABF745500C2D4C0 /* Release */,
			);
			defaultConfigurationIsVisible = 0;
			defaultConfigurationName = Release;
		};
		4DDCA70E0ACC9A6100E082CE /* Build configuration list for PBXNativeTarget "GemMenu" */ = {
			isa = XCConfigurationList;
			buildConfigurations = (
				4DDCA70F0ACC9A6100E082CE /* Debug */,
				4DDCA7100ACC9A6100E082CE /* Release */,
			);
			defaultConfigurationIsVisible = 0;
			defaultConfigurationName = Release;
		};
/* End XCConfigurationList section */
	};
	rootObject = 29B97313FDCFA39411CA2CEA /* Project object */;
}
